// !$*UTF8*$!
{
	archiveVersion = 1;
	classes = {
	};
	objectVersion = 46;
	objects = {

/* Begin PBXBuildFile section */
		F90690081C318A5C00AC6125 /* AppDelegate.swift in Sources */ = {isa = PBXBuildFile; fileRef = F90690071C318A5C00AC6125 /* AppDelegate.swift */; };
		F906900A1C318A5C00AC6125 /* Assets.xcassets in Resources */ = {isa = PBXBuildFile; fileRef = F90690091C318A5C00AC6125 /* Assets.xcassets */; };
		F906900D1C318A5C00AC6125 /* MainMenu.xib in Resources */ = {isa = PBXBuildFile; fileRef = F906900B1C318A5C00AC6125 /* MainMenu.xib */; };
		F906902A1C318A8600AC6125 /* HelloWalker.swift in Sources */ = {isa = PBXBuildFile; fileRef = F906901F1C318A8600AC6125 /* HelloWalker.swift */; };
		F906902C1C318B2000AC6125 /* TestHello.txt in Resources */ = {isa = PBXBuildFile; fileRef = F906902B1C318B2000AC6125 /* TestHello.txt */; };
		F97C245E1CBC61C200FA0105 /* HelloBaseListener.swift in Sources */ = {isa = PBXBuildFile; fileRef = F97C245D1CBC61C200FA0105 /* HelloBaseListener.swift */; };
		F984B3591CB4AD88004C31FB /* HelloLexerATN.swift in Sources */ = {isa = PBXBuildFile; fileRef = F984B34F1CB4AD88004C31FB /* HelloLexerATN.swift */; };
		F984B35A1CB4AD88004C31FB /* HelloParserATN.swift in Sources */ = {isa = PBXBuildFile; fileRef = F984B3501CB4AD88004C31FB /* HelloParserATN.swift */; };
		F984B35B1CB4AD88004C31FB /* Hello.tokens in Resources */ = {isa = PBXBuildFile; fileRef = F984B3511CB4AD88004C31FB /* Hello.tokens */; };
		F984B35D1CB4AD88004C31FB /* HelloBaseVisitor.swift in Sources */ = {isa = PBXBuildFile; fileRef = F984B3531CB4AD88004C31FB /* HelloBaseVisitor.swift */; };
		F984B35E1CB4AD88004C31FB /* HelloLexer.swift in Sources */ = {isa = PBXBuildFile; fileRef = F984B3541CB4AD88004C31FB /* HelloLexer.swift */; };
		F984B35F1CB4AD88004C31FB /* HelloLexer.tokens in Resources */ = {isa = PBXBuildFile; fileRef = F984B3551CB4AD88004C31FB /* HelloLexer.tokens */; };
		F984B3601CB4AD88004C31FB /* HelloListener.swift in Sources */ = {isa = PBXBuildFile; fileRef = F984B3561CB4AD88004C31FB /* HelloListener.swift */; };
		F984B3611CB4AD88004C31FB /* HelloParser.swift in Sources */ = {isa = PBXBuildFile; fileRef = F984B3571CB4AD88004C31FB /* HelloParser.swift */; };
		F984B3621CB4AD88004C31FB /* HelloVisitor.swift in Sources */ = {isa = PBXBuildFile; fileRef = F984B3581CB4AD88004C31FB /* HelloVisitor.swift */; };
/* End PBXBuildFile section */

/* Begin PBXFileReference section */
		F90690041C318A5C00AC6125 /* Test.app */ = {isa = PBXFileReference; explicitFileType = wrapper.application; includeInIndex = 0; path = Test.app; sourceTree = BUILT_PRODUCTS_DIR; };
		F90690071C318A5C00AC6125 /* AppDelegate.swift */ = {isa = PBXFileReference; lastKnownFileType = sourcecode.swift; path = AppDelegate.swift; sourceTree = "<group>"; };
		F90690091C318A5C00AC6125 /* Assets.xcassets */ = {isa = PBXFileReference; lastKnownFileType = folder.assetcatalog; path = Assets.xcassets; sourceTree = "<group>"; };
		F906900C1C318A5C00AC6125 /* Base */ = {isa = PBXFileReference; lastKnownFileType = file.xib; name = Base; path = Base.lproj/MainMenu.xib; sourceTree = "<group>"; };
		F906900E1C318A5C00AC6125 /* Info.plist */ = {isa = PBXFileReference; lastKnownFileType = text.plist.xml; path = Info.plist; sourceTree = "<group>"; };
		F906901F1C318A8600AC6125 /* HelloWalker.swift */ = {isa = PBXFileReference; fileEncoding = 4; lastKnownFileType = sourcecode.swift; path = HelloWalker.swift; sourceTree = "<group>"; };
		F906902B1C318B2000AC6125 /* TestHello.txt */ = {isa = PBXFileReference; fileEncoding = 4; lastKnownFileType = text; path = TestHello.txt; sourceTree = "<group>"; };
		F97C245D1CBC61C200FA0105 /* HelloBaseListener.swift */ = {isa = PBXFileReference; fileEncoding = 4; lastKnownFileType = sourcecode.swift; path = HelloBaseListener.swift; sourceTree = "<group>"; };
		F984B34F1CB4AD88004C31FB /* HelloLexerATN.swift */ = {isa = PBXFileReference; fileEncoding = 4; lastKnownFileType = sourcecode.swift; path = HelloLexerATN.swift; sourceTree = "<group>"; };
		F984B3501CB4AD88004C31FB /* HelloParserATN.swift */ = {isa = PBXFileReference; fileEncoding = 4; lastKnownFileType = sourcecode.swift; path = HelloParserATN.swift; sourceTree = "<group>"; };
		F984B3511CB4AD88004C31FB /* Hello.tokens */ = {isa = PBXFileReference; fileEncoding = 4; lastKnownFileType = text; path = Hello.tokens; sourceTree = "<group>"; };
		F984B3531CB4AD88004C31FB /* HelloBaseVisitor.swift */ = {isa = PBXFileReference; fileEncoding = 4; lastKnownFileType = sourcecode.swift; path = HelloBaseVisitor.swift; sourceTree = "<group>"; };
		F984B3541CB4AD88004C31FB /* HelloLexer.swift */ = {isa = PBXFileReference; fileEncoding = 4; lastKnownFileType = sourcecode.swift; path = HelloLexer.swift; sourceTree = "<group>"; };
		F984B3551CB4AD88004C31FB /* HelloLexer.tokens */ = {isa = PBXFileReference; fileEncoding = 4; lastKnownFileType = text; path = HelloLexer.tokens; sourceTree = "<group>"; };
		F984B3561CB4AD88004C31FB /* HelloListener.swift */ = {isa = PBXFileReference; fileEncoding = 4; lastKnownFileType = sourcecode.swift; path = HelloListener.swift; sourceTree = "<group>"; };
		F984B3571CB4AD88004C31FB /* HelloParser.swift */ = {isa = PBXFileReference; fileEncoding = 4; lastKnownFileType = sourcecode.swift; path = HelloParser.swift; sourceTree = "<group>"; };
		F984B3581CB4AD88004C31FB /* HelloVisitor.swift */ = {isa = PBXFileReference; fileEncoding = 4; lastKnownFileType = sourcecode.swift; path = HelloVisitor.swift; sourceTree = "<group>"; };
/* End PBXFileReference section */

/* Begin PBXFrameworksBuildPhase section */
		F90690011C318A5C00AC6125 /* Frameworks */ = {
			isa = PBXFrameworksBuildPhase;
			buildActionMask = 2147483647;
			files = (
			);
			runOnlyForDeploymentPostprocessing = 0;
		};
/* End PBXFrameworksBuildPhase section */

/* Begin PBXGroup section */
		F9068FFB1C318A5C00AC6125 = {
			isa = PBXGroup;
			children = (
				F90690061C318A5C00AC6125 /* Test */,
				F90690051C318A5C00AC6125 /* Products */,
			);
			sourceTree = "<group>";
		};
		F90690051C318A5C00AC6125 /* Products */ = {
			isa = PBXGroup;
			children = (
				F90690041C318A5C00AC6125 /* Test.app */,
			);
			name = Products;
			sourceTree = "<group>";
		};
		F90690061C318A5C00AC6125 /* Test */ = {
			isa = PBXGroup;
			children = (
				F90690141C318A8600AC6125 /* Hello */,
				F906902B1C318B2000AC6125 /* TestHello.txt */,
				F906901F1C318A8600AC6125 /* HelloWalker.swift */,
				F90690071C318A5C00AC6125 /* AppDelegate.swift */,
				F90690091C318A5C00AC6125 /* Assets.xcassets */,
				F906900B1C318A5C00AC6125 /* MainMenu.xib */,
				F906900E1C318A5C00AC6125 /* Info.plist */,
			);
			path = Test;
			sourceTree = "<group>";
		};
		F90690141C318A8600AC6125 /* Hello */ = {
			isa = PBXGroup;
			children = (
				F984B34F1CB4AD88004C31FB /* HelloLexerATN.swift */,
				F984B3501CB4AD88004C31FB /* HelloParserATN.swift */,
				F984B3511CB4AD88004C31FB /* Hello.tokens */,
				F97C245D1CBC61C200FA0105 /* HelloBaseListener.swift */,
				F984B3531CB4AD88004C31FB /* HelloBaseVisitor.swift */,
				F984B3541CB4AD88004C31FB /* HelloLexer.swift */,
				F984B3551CB4AD88004C31FB /* HelloLexer.tokens */,
				F984B3561CB4AD88004C31FB /* HelloListener.swift */,
				F984B3571CB4AD88004C31FB /* HelloParser.swift */,
				F984B3581CB4AD88004C31FB /* HelloVisitor.swift */,
			);
			path = Hello;
			sourceTree = "<group>";
		};
/* End PBXGroup section */

/* Begin PBXNativeTarget section */
		F90690031C318A5C00AC6125 /* Test */ = {
			isa = PBXNativeTarget;
			buildConfigurationList = F90690111C318A5C00AC6125 /* Build configuration list for PBXNativeTarget "Test" */;
			buildPhases = (
				F90690001C318A5C00AC6125 /* Sources */,
				F90690011C318A5C00AC6125 /* Frameworks */,
				F90690021C318A5C00AC6125 /* Resources */,
			);
			buildRules = (
			);
			dependencies = (
			);
			name = Test;
			productName = Test;
			productReference = F90690041C318A5C00AC6125 /* Test.app */;
			productType = "com.apple.product-type.application";
		};
/* End PBXNativeTarget section */

/* Begin PBXProject section */
		F9068FFC1C318A5C00AC6125 /* Project object */ = {
			isa = PBXProject;
			attributes = {
				LastSwiftUpdateCheck = 0710;
				LastUpgradeCheck = 0710;
				ORGANIZATIONNAME = jlabs;
				TargetAttributes = {
					F90690031C318A5C00AC6125 = {
						CreatedOnToolsVersion = 7.1;
					};
				};
			};
			buildConfigurationList = F9068FFF1C318A5C00AC6125 /* Build configuration list for PBXProject "Test" */;
			compatibilityVersion = "Xcode 3.2";
			developmentRegion = English;
			hasScannedForEncodings = 0;
			knownRegions = (
				en,
				Base,
			);
			mainGroup = F9068FFB1C318A5C00AC6125;
			productRefGroup = F90690051C318A5C00AC6125 /* Products */;
			projectDirPath = "";
			projectRoot = "";
			targets = (
				F90690031C318A5C00AC6125 /* Test */,
			);
		};
/* End PBXProject section */

/* Begin PBXResourcesBuildPhase section */
		F90690021C318A5C00AC6125 /* Resources */ = {
			isa = PBXResourcesBuildPhase;
			buildActionMask = 2147483647;
			files = (
				F906902C1C318B2000AC6125 /* TestHello.txt in Resources */,
				F906900A1C318A5C00AC6125 /* Assets.xcassets in Resources */,
				F984B35B1CB4AD88004C31FB /* Hello.tokens in Resources */,
				F984B35F1CB4AD88004C31FB /* HelloLexer.tokens in Resources */,
				F906900D1C318A5C00AC6125 /* MainMenu.xib in Resources */,
			);
			runOnlyForDeploymentPostprocessing = 0;
		};
/* End PBXResourcesBuildPhase section */

/* Begin PBXSourcesBuildPhase section */
		F90690001C318A5C00AC6125 /* Sources */ = {
			isa = PBXSourcesBuildPhase;
			buildActionMask = 2147483647;
			files = (
				F984B3601CB4AD88004C31FB /* HelloListener.swift in Sources */,
				F984B35E1CB4AD88004C31FB /* HelloLexer.swift in Sources */,
				F90690081C318A5C00AC6125 /* AppDelegate.swift in Sources */,
				F984B3611CB4AD88004C31FB /* HelloParser.swift in Sources */,
				F906902A1C318A8600AC6125 /* HelloWalker.swift in Sources */,
				F984B35D1CB4AD88004C31FB /* HelloBaseVisitor.swift in Sources */,
				F984B3591CB4AD88004C31FB /* HelloLexerATN.swift in Sources */,
				F97C245E1CBC61C200FA0105 /* HelloBaseListener.swift in Sources */,
				F984B35A1CB4AD88004C31FB /* HelloParserATN.swift in Sources */,
				F984B3621CB4AD88004C31FB /* HelloVisitor.swift in Sources */,
			);
			runOnlyForDeploymentPostprocessing = 0;
		};
/* End PBXSourcesBuildPhase section */

/* Begin PBXVariantGroup section */
		F906900B1C318A5C00AC6125 /* MainMenu.xib */ = {
			isa = PBXVariantGroup;
			children = (
				F906900C1C318A5C00AC6125 /* Base */,
			);
			name = MainMenu.xib;
			sourceTree = "<group>";
		};
/* End PBXVariantGroup section */

/* Begin XCBuildConfiguration section */
		F906900F1C318A5C00AC6125 /* Debug */ = {
			isa = XCBuildConfiguration;
			buildSettings = {
				ALWAYS_SEARCH_USER_PATHS = NO;
				CLANG_CXX_LANGUAGE_STANDARD = "gnu++0x";
				CLANG_CXX_LIBRARY = "libc++";
				CLANG_ENABLE_MODULES = YES;
				CLANG_ENABLE_OBJC_ARC = YES;
				CLANG_WARN_BOOL_CONVERSION = YES;
				CLANG_WARN_CONSTANT_CONVERSION = YES;
				CLANG_WARN_DIRECT_OBJC_ISA_USAGE = YES_ERROR;
				CLANG_WARN_EMPTY_BODY = YES;
				CLANG_WARN_ENUM_CONVERSION = YES;
				CLANG_WARN_INT_CONVERSION = YES;
				CLANG_WARN_OBJC_ROOT_CLASS = YES_ERROR;
				CLANG_WARN_UNREACHABLE_CODE = YES;
				CLANG_WARN__DUPLICATE_METHOD_MATCH = YES;
				CODE_SIGN_IDENTITY = "-";
				COPY_PHASE_STRIP = NO;
				DEBUG_INFORMATION_FORMAT = dwarf;
				ENABLE_STRICT_OBJC_MSGSEND = YES;
				ENABLE_TESTABILITY = YES;
				GCC_C_LANGUAGE_STANDARD = gnu99;
				GCC_DYNAMIC_NO_PIC = NO;
				GCC_NO_COMMON_BLOCKS = YES;
				GCC_OPTIMIZATION_LEVEL = 0;
				GCC_PREPROCESSOR_DEFINITIONS = (
					"DEBUG=1",
					"$(inherited)",
				);
				GCC_WARN_64_TO_32_BIT_CONVERSION = YES;
				GCC_WARN_ABOUT_RETURN_TYPE = YES_ERROR;
				GCC_WARN_UNDECLARED_SELECTOR = YES;
				GCC_WARN_UNINITIALIZED_AUTOS = YES_AGGRESSIVE;
				GCC_WARN_UNUSED_FUNCTION = YES;
				GCC_WARN_UNUSED_VARIABLE = YES;
				MACOSX_DEPLOYMENT_TARGET = 10.10;
				MTL_ENABLE_DEBUG_INFO = YES;
				ONLY_ACTIVE_ARCH = YES;
				SDKROOT = macosx;
				SWIFT_OPTIMIZATION_LEVEL = "-Onone";
			};
			name = Debug;
		};
		F90690101C318A5C00AC6125 /* Release */ = {
			isa = XCBuildConfiguration;
			buildSettings = {
				ALWAYS_SEARCH_USER_PATHS = NO;
				CLANG_CXX_LANGUAGE_STANDARD = "gnu++0x";
				CLANG_CXX_LIBRARY = "libc++";
				CLANG_ENABLE_MODULES = YES;
				CLANG_ENABLE_OBJC_ARC = YES;
				CLANG_WARN_BOOL_CONVERSION = YES;
				CLANG_WARN_CONSTANT_CONVERSION = YES;
				CLANG_WARN_DIRECT_OBJC_ISA_USAGE = YES_ERROR;
				CLANG_WARN_EMPTY_BODY = YES;
				CLANG_WARN_ENUM_CONVERSION = YES;
				CLANG_WARN_INT_CONVERSION = YES;
				CLANG_WARN_OBJC_ROOT_CLASS = YES_ERROR;
				CLANG_WARN_UNREACHABLE_CODE = YES;
				CLANG_WARN__DUPLICATE_METHOD_MATCH = YES;
				CODE_SIGN_IDENTITY = "-";
				COPY_PHASE_STRIP = NO;
				DEBUG_INFORMATION_FORMAT = "dwarf-with-dsym";
				ENABLE_NS_ASSERTIONS = NO;
				ENABLE_STRICT_OBJC_MSGSEND = YES;
				GCC_C_LANGUAGE_STANDARD = gnu99;
				GCC_NO_COMMON_BLOCKS = YES;
				GCC_WARN_64_TO_32_BIT_CONVERSION = YES;
				GCC_WARN_ABOUT_RETURN_TYPE = YES_ERROR;
				GCC_WARN_UNDECLARED_SELECTOR = YES;
				GCC_WARN_UNINITIALIZED_AUTOS = YES_AGGRESSIVE;
				GCC_WARN_UNUSED_FUNCTION = YES;
				GCC_WARN_UNUSED_VARIABLE = YES;
				MACOSX_DEPLOYMENT_TARGET = 10.10;
				MTL_ENABLE_DEBUG_INFO = NO;
				SDKROOT = macosx;
			};
			name = Release;
		};
		F90690121C318A5C00AC6125 /* Debug */ = {
			isa = XCBuildConfiguration;
			buildSettings = {
				ASSETCATALOG_COMPILER_APPICON_NAME = AppIcon;
				COMBINE_HIDPI_IMAGES = YES;
				INFOPLIST_FILE = Test/Info.plist;
				LD_RUNPATH_SEARCH_PATHS = "$(inherited) @executable_path/../Frameworks";
				PRODUCT_BUNDLE_IDENTIFIER = jlabs.Test;
				PRODUCT_NAME = "$(TARGET_NAME)";
			};
			name = Debug;
		};
		F90690131C318A5C00AC6125 /* Release */ = {
			isa = XCBuildConfiguration;
			buildSettings = {
				ASSETCATALOG_COMPILER_APPICON_NAME = AppIcon;
				COMBINE_HIDPI_IMAGES = YES;
				INFOPLIST_FILE = Test/Info.plist;
				LD_RUNPATH_SEARCH_PATHS = "$(inherited) @executable_path/../Frameworks";
				PRODUCT_BUNDLE_IDENTIFIER = jlabs.Test;
				PRODUCT_NAME = "$(TARGET_NAME)";
			};
			name = Release;
		};
/* End XCBuildConfiguration section */

/* Begin XCConfigurationList section */
		F9068FFF1C318A5C00AC6125 /* Build configuration list for PBXProject "Test" */ = {
			isa = XCConfigurationList;
			buildConfigurations = (
				F906900F1C318A5C00AC6125 /* Debug */,
				F90690101C318A5C00AC6125 /* Release */,
			);
			defaultConfigurationIsVisible = 0;
			defaultConfigurationName = Release;
		};
		F90690111C318A5C00AC6125 /* Build configuration list for PBXNativeTarget "Test" */ = {
			isa = XCConfigurationList;
			buildConfigurations = (
				F90690121C318A5C00AC6125 /* Debug */,
				F90690131C318A5C00AC6125 /* Release */,
			);
			defaultConfigurationIsVisible = 0;
			defaultConfigurationName = Release;
		};
/* End XCConfigurationList section */
	};
	rootObject = F9068FFC1C318A5C00AC6125 /* Project object */;
}
